
Microsoft Visual Studio Solution File, Format Version 12.00
# Visual Studio Version 17
VisualStudioVersion = 17.1.32319.34
MinimumVisualStudioVersion = 10.0.40219.1
Project("{FAE04EC0-301F-11D3-BF4B-00C04F79EFBC}") = "RoeeAmzaleg_HWS_DP-1", "RoeeAmzaleg_HWS_DP-1\RoeeAmzaleg_HWS_DP-1.csproj", "{9BE9DFC7-0787-4E1E-991E-6DFB5FBC820C}"
EndProject
Global
	GlobalSection(SolutionConfigurationPlatforms) = preSolution
		Debug|Any CPU = Debug|Any CPU
		Release|Any CPU = Release|Any CPU
	EndGlobalSection
	GlobalSection(ProjectConfigurationPlatforms) = postSolution
		{9BE9DFC7-0787-4E1E-991E-6DFB5FBC820C}.Debug|Any CPU.ActiveCfg = Debug|Any CPU
		{9BE9DFC7-0787-4E1E-991E-6DFB5FBC820C}.Debug|Any CPU.Build.0 = Debug|Any CPU
		{9BE9DFC7-0787-4E1E-991E-6DFB5FBC820C}.Release|Any CPU.ActiveCfg = Release|Any CPU
		{9BE9DFC7-0787-4E1E-991E-6DFB5FBC820C}.Release|Any CPU.Build.0 = Release|Any CPU
	EndGlobalSection
	GlobalSection(SolutionProperties) = preSolution
		HideSolutionNode = FALSE
	EndGlobalSection
	GlobalSection(ExtensibilityGlobals) = postSolution
		SolutionGuid = {BA812B9B-CD7B-4FD8-A4AB-C6EC2F535D44}
	EndGlobalSection
EndGlobal
